<Solution>
  <Project Path="TutoApiFormation.Applications.DTO/TutoApiFormation.Applications.DTO.csproj" Id="95abf3d6-287b-4cd3-b7c2-123d2da6b73c" />
  <Project Path="TutoApiFormation.Domain/TutoApiFormation.Domain.csproj" />
  <Project Path="TutoApiformation.Infrastructure/TutoApiformation.Infrastructure.csproj" />
  <Project Path="TutoApiformation.Interface/TutoApiformation.Interface.csproj" />
  <Project Path="TutoApiformation.TestUnitaire/TutoApiformation.TestUnitaire.csproj" />
  <Project Path="TutoApiFormation/TutoApiFormation.csproj" />
</Solution>
